PODS:
  - RxCocoa (6.6.0):
    - RxRelay (= 6.6.0)
    - RxSwift (= 6.6.0)
  - RxGesture (4.0.4):
    - RxCocoa (~> 6.0)
    - RxSwift (~> 6.0)
  - RxRelay (6.6.0):
    - RxSwift (= 6.6.0)
  - RxSwift (6.6.0)
  - SnapKit (5.6.0)
  - Then (3.0.0)
  - UPsKit (3.15.2):
    - RxCocoa
    - RxGesture
    - RxSwift
    - SnapKit
    - Then

DEPENDENCIES:
  - RxCocoa
  - RxGesture
  - RxSwift
  - SnapKit
  - Then
  - UPsKit (from `../`)

SPEC REPOS:
  trunk:
    - RxCocoa
    - RxGesture
    - RxRelay
    - RxSwift
    - SnapKit
    - Then

EXTERNAL SOURCES:
  UPsKit:
    :path: "../"

SPEC CHECKSUMS:
  RxCocoa: 44a80de90e25b739b5aeaae3c8c371a32e3343cc
  RxGesture: f3efb47ed2d26a8082f7b660d4a59970e275a7f8
  RxRelay: 45eaa5db8ee4fb50e5ebd57deec0159e97fa51e6
  RxSwift: a4b44f7d24599f674deebd1818eab82e58410632
  SnapKit: e01d52ebb8ddbc333eefe2132acf85c8227d9c25
  Then: 844265ae87834bbe1147d91d5d41a404da2ec27d
  UPsKit: 50d6cee02c93e030eebd4fb3fd79073092e23553

PODFILE CHECKSUM: 9c89be6fbfb0c8d7570c4f5e4018dc965da32428

COCOAPODS: 1.14.3
